{
    "name": "signals-cjs-test",
    "version": "0.1.0",
    "lockfileVersion": 3,
    "requires": true,
    "packages": {
        "": {
            "name": "signals-cjs-test",
            "version": "0.1.0",
            "dependencies": {
                "@snowplow/signals-core": "file:../../packages/signals-core",
                "@snowplow/signals-node": "file:../../packages/signals-node"
            }
        },
        "../../packages/signals-core": {
            "name": "@snowplow/signals-core",
            "version": "0.1.0",
            "license": "SEE LICENSE IN LICENSE.md",
            "dependencies": {
                "jwt-decode": "^4.0.0"
            },
            "devDependencies": {
                "@types/jest": "^29.5.14",
                "@types/node": "^22.13.10",
                "jest": "^29.7.0",
                "ts-jest": "^29.4.0",
                "tsup": "^8.4.0",
                "typescript": "^5.8.2"
            }
        },
        "../../packages/signals-node": {
            "name": "@snowplow/signals-node",
            "version": "0.1.0",
            "license": "SEE LICENSE IN LICENSE.md",
            "dependencies": {
                "@snowplow/signals-core": "^0.1.0",
                "axios": "^1.8.2"
            },
            "devDependencies": {
                "@types/jest": "^29.5.14",
                "@types/node": "^22.13.10",
                "jest": "^29.7.0",
                "nock": "^14.0.1",
                "ts-jest": "^29.2.6",
                "tsup": "^8.4.0",
                "typescript": "^5.8.2"
            }
        },
        "node_modules/@snowplow/signals-core": {
            "resolved": "../../packages/signals-core",
            "link": true
        },
        "node_modules/@snowplow/signals-node": {
            "resolved": "../../packages/signals-node",
            "link": true
        }
    }
}
